
Microsoft Visual Studio Solution File, Format Version 12.00
# Visual Studio Version 16
VisualStudioVersion = 16.0.31515.178
MinimumVisualStudioVersion = 10.0.40219.1
Project("{FAE04EC0-301F-11D3-BF4B-00C04F79EFBC}") = "WindowsFormsApp4", "WindowsFormsApp4.csproj", "{92A675C3-20CA-428D-9F77-90B8B5F06E84}"
EndProject
Global
	GlobalSection(SolutionConfigurationPlatforms) = preSolution
		Debug|Any CPU = Debug|Any CPU
		Release|Any CPU = Release|Any CPU
	EndGlobalSection
	GlobalSection(ProjectConfigurationPlatforms) = postSolution
		{92A675C3-20CA-428D-9F77-90B8B5F06E84}.Debug|Any CPU.ActiveCfg = Debug|Any CPU
		{92A675C3-20CA-428D-9F77-90B8B5F06E84}.Debug|Any CPU.Build.0 = Debug|Any CPU
		{92A675C3-20CA-428D-9F77-90B8B5F06E84}.Release|Any CPU.ActiveCfg = Release|Any CPU
		{92A675C3-20CA-428D-9F77-90B8B5F06E84}.Release|Any CPU.Build.0 = Release|Any CPU
	EndGlobalSection
	GlobalSection(SolutionProperties) = preSolution
		HideSolutionNode = FALSE
	EndGlobalSection
	GlobalSection(ExtensibilityGlobals) = postSolution
		SolutionGuid = {A2F308F4-1D28-45A7-9687-2A6C54B3054D}
	EndGlobalSection
EndGlobal
